
Microsoft Visual Studio Solution File, Format Version 11.00
# Visual Studio 2010
Project("{FAE04EC0-301F-11D3-BF4B-00C04F79EFBC}") = "Assembly-CSharp", "Assembly-CSharp.csproj", "{E9016202-6524-854C-C396-BB8F033463EE}"
EndProject
Project("{FAE04EC0-301F-11D3-BF4B-00C04F79EFBC}") = "Assembly-CSharp-Editor", "Assembly-CSharp-Editor.csproj", "{16D49152-B00B-5401-A6EE-236D0B00B82B}"
EndProject
Global
	GlobalSection(SolutionConfigurationPlatforms) = preSolution
		Debug|Any CPU = Debug|Any CPU
		Release|Any CPU = Release|Any CPU
	EndGlobalSection
	GlobalSection(ProjectConfigurationPlatforms) = postSolution
		{E9016202-6524-854C-C396-BB8F033463EE}.Debug|Any CPU.ActiveCfg = Debug|Any CPU
		{E9016202-6524-854C-C396-BB8F033463EE}.Debug|Any CPU.Build.0 = Debug|Any CPU
		{E9016202-6524-854C-C396-BB8F033463EE}.Release|Any CPU.ActiveCfg = Release|Any CPU
		{E9016202-6524-854C-C396-BB8F033463EE}.Release|Any CPU.Build.0 = Release|Any CPU
		{16D49152-B00B-5401-A6EE-236D0B00B82B}.Debug|Any CPU.ActiveCfg = Debug|Any CPU
		{16D49152-B00B-5401-A6EE-236D0B00B82B}.Debug|Any CPU.Build.0 = Debug|Any CPU
		{16D49152-B00B-5401-A6EE-236D0B00B82B}.Release|Any CPU.ActiveCfg = Release|Any CPU
		{16D49152-B00B-5401-A6EE-236D0B00B82B}.Release|Any CPU.Build.0 = Release|Any CPU
	EndGlobalSection
	GlobalSection(SolutionProperties) = preSolution
		HideSolutionNode = FALSE
	EndGlobalSection
EndGlobal
